
Microsoft Visual Studio Solution File, Format Version 12.00
# Visual Studio Version 17
VisualStudioVersion = 17.9.34728.123
MinimumVisualStudioVersion = 10.0.40219.1
Project("{9A19103F-16F7-4668-BE54-9A1E7A4F7556}") = "AppTime", "AppTime.csproj", "{EC9728F9-0C0F-4D85-B289-DAC7B0E96355}"
EndProject
Global
	GlobalSection(SolutionConfigurationPlatforms) = preSolution
		Debug|Any CPU = Debug|Any CPU
		Release|Any CPU = Release|Any CPU
	EndGlobalSection
	GlobalSection(ProjectConfigurationPlatforms) = postSolution
		{EC9728F9-0C0F-4D85-B289-DAC7B0E96355}.Debug|Any CPU.ActiveCfg = Debug|Any CPU
		{EC9728F9-0C0F-4D85-B289-DAC7B0E96355}.Debug|Any CPU.Build.0 = Debug|Any CPU
		{EC9728F9-0C0F-4D85-B289-DAC7B0E96355}.Debug|Any CPU.Deploy.0 = Debug|Any CPU
		{EC9728F9-0C0F-4D85-B289-DAC7B0E96355}.Release|Any CPU.ActiveCfg = Release|Any CPU
		{EC9728F9-0C0F-4D85-B289-DAC7B0E96355}.Release|Any CPU.Build.0 = Release|Any CPU
		{EC9728F9-0C0F-4D85-B289-DAC7B0E96355}.Release|Any CPU.Deploy.0 = Release|Any CPU
	EndGlobalSection
	GlobalSection(SolutionProperties) = preSolution
		HideSolutionNode = FALSE
	EndGlobalSection
	GlobalSection(ExtensibilityGlobals) = postSolution
		SolutionGuid = {6B12C228-E112-4D04-87C9-911D4CA3AC22}
	EndGlobalSection
EndGlobal
